
Microsoft Visual Studio Solution File, Format Version 12.00
# Visual Studio Version 17
VisualStudioVersion = 17.13.35931.197 d17.13
MinimumVisualStudioVersion = 10.0.40219.1
Project("{FAE04EC0-301F-11D3-BF4B-00C04F79EFBC}") = "WpfToolKitMvvmAndDiTest", "WpfToolKitMvvmAndDiTest\WpfToolKitMvvmAndDiTest.csproj", "{883B514F-A9DE-4EA0-AD94-744AD6EC55ED}"
EndProject
Project("{FAE04EC0-301F-11D3-BF4B-00C04F79EFBC}") = "ClassLibrary1", "ClassLibrary1\ClassLibrary1.csproj", "{D0DB20AC-D3B8-4B20-94EA-91DD994C274F}"
EndProject
Project("{FAE04EC0-301F-11D3-BF4B-00C04F79EFBC}") = "WpfToolKitMvvmAndDiTest2", "WpfToolKitMvvmAndDiTest2\WpfToolKitMvvmAndDiTest2.csproj", "{F420AF8D-8F7A-4FB7-829C-1B52D48CEC7A}"
EndProject
Global
	GlobalSection(SolutionConfigurationPlatforms) = preSolution
		Debug|Any CPU = Debug|Any CPU
		Release|Any CPU = Release|Any CPU
	EndGlobalSection
	GlobalSection(ProjectConfigurationPlatforms) = postSolution
		{883B514F-A9DE-4EA0-AD94-744AD6EC55ED}.Debug|Any CPU.ActiveCfg = Debug|Any CPU
		{883B514F-A9DE-4EA0-AD94-744AD6EC55ED}.Debug|Any CPU.Build.0 = Debug|Any CPU
		{883B514F-A9DE-4EA0-AD94-744AD6EC55ED}.Release|Any CPU.ActiveCfg = Release|Any CPU
		{883B514F-A9DE-4EA0-AD94-744AD6EC55ED}.Release|Any CPU.Build.0 = Release|Any CPU
		{D0DB20AC-D3B8-4B20-94EA-91DD994C274F}.Debug|Any CPU.ActiveCfg = Debug|Any CPU
		{D0DB20AC-D3B8-4B20-94EA-91DD994C274F}.Debug|Any CPU.Build.0 = Debug|Any CPU
		{D0DB20AC-D3B8-4B20-94EA-91DD994C274F}.Release|Any CPU.ActiveCfg = Release|Any CPU
		{D0DB20AC-D3B8-4B20-94EA-91DD994C274F}.Release|Any CPU.Build.0 = Release|Any CPU
		{F420AF8D-8F7A-4FB7-829C-1B52D48CEC7A}.Debug|Any CPU.ActiveCfg = Debug|Any CPU
		{F420AF8D-8F7A-4FB7-829C-1B52D48CEC7A}.Debug|Any CPU.Build.0 = Debug|Any CPU
		{F420AF8D-8F7A-4FB7-829C-1B52D48CEC7A}.Release|Any CPU.ActiveCfg = Release|Any CPU
		{F420AF8D-8F7A-4FB7-829C-1B52D48CEC7A}.Release|Any CPU.Build.0 = Release|Any CPU
	EndGlobalSection
	GlobalSection(SolutionProperties) = preSolution
		HideSolutionNode = FALSE
	EndGlobalSection
	GlobalSection(ExtensibilityGlobals) = postSolution
		SolutionGuid = {80693D9C-AB4A-43CE-919A-BFE4588986DF}
	EndGlobalSection
EndGlobal
