
Microsoft Visual Studio Solution File, Format Version 12.00
# Visual Studio Version 17
VisualStudioVersion = 17.7.34009.444
MinimumVisualStudioVersion = 10.0.40219.1
Project("{FAE04EC0-301F-11D3-BF4B-00C04F79EFBC}") = "WpfListBoxAlternationIndexTest", "WpfListBoxAlternationIndexTest\WpfListBoxAlternationIndexTest.csproj", "{E3CB6E84-B0C1-474E-AA1C-7573D2BC1795}"
EndProject
Global
	GlobalSection(SolutionConfigurationPlatforms) = preSolution
		Debug|Any CPU = Debug|Any CPU
		Release|Any CPU = Release|Any CPU
	EndGlobalSection
	GlobalSection(ProjectConfigurationPlatforms) = postSolution
		{E3CB6E84-B0C1-474E-AA1C-7573D2BC1795}.Debug|Any CPU.ActiveCfg = Debug|Any CPU
		{E3CB6E84-B0C1-474E-AA1C-7573D2BC1795}.Debug|Any CPU.Build.0 = Debug|Any CPU
		{E3CB6E84-B0C1-474E-AA1C-7573D2BC1795}.Release|Any CPU.ActiveCfg = Release|Any CPU
		{E3CB6E84-B0C1-474E-AA1C-7573D2BC1795}.Release|Any CPU.Build.0 = Release|Any CPU
	EndGlobalSection
	GlobalSection(SolutionProperties) = preSolution
		HideSolutionNode = FALSE
	EndGlobalSection
	GlobalSection(ExtensibilityGlobals) = postSolution
		SolutionGuid = {DB483916-EB77-44DD-B1DB-19ACEBEEA5AF}
	EndGlobalSection
EndGlobal
