
Microsoft Visual Studio Solution File, Format Version 12.00
# Visual Studio Version 17
VisualStudioVersion = 17.13.35931.197 d17.13
MinimumVisualStudioVersion = 10.0.40219.1
Project("{FAE04EC0-301F-11D3-BF4B-00C04F79EFBC}") = "WpfCommandLineTest", "WpfCommandLineTest\WpfCommandLineTest.csproj", "{DA78BB8F-DE92-4CC5-8605-C138B0E8056B}"
EndProject
Global
	GlobalSection(SolutionConfigurationPlatforms) = preSolution
		Debug|Any CPU = Debug|Any CPU
		Release|Any CPU = Release|Any CPU
	EndGlobalSection
	GlobalSection(ProjectConfigurationPlatforms) = postSolution
		{DA78BB8F-DE92-4CC5-8605-C138B0E8056B}.Debug|Any CPU.ActiveCfg = Debug|Any CPU
		{DA78BB8F-DE92-4CC5-8605-C138B0E8056B}.Debug|Any CPU.Build.0 = Debug|Any CPU
		{DA78BB8F-DE92-4CC5-8605-C138B0E8056B}.Release|Any CPU.ActiveCfg = Release|Any CPU
		{DA78BB8F-DE92-4CC5-8605-C138B0E8056B}.Release|Any CPU.Build.0 = Release|Any CPU
	EndGlobalSection
	GlobalSection(SolutionProperties) = preSolution
		HideSolutionNode = FALSE
	EndGlobalSection
	GlobalSection(ExtensibilityGlobals) = postSolution
		SolutionGuid = {7E427CF6-22E9-40C7-85B4-32AEE0FEC0F7}
	EndGlobalSection
EndGlobal
